// !$*UTF8*$!
{
	archiveVersion = 1;
	classes = {
	};
	objectVersion = 50;
	objects = {

/* Begin PBXBuildFile section */
		BB0068B92390E66C003ED186 /* ScanVC.swift in Sources */ = {isa = PBXBuildFile; fileRef = BB0068B82390E66C003ED186 /* ScanVC.swift */; };
		BB37818023968DF1006E31D5 /* SummaryVC.swift in Sources */ = {isa = PBXBuildFile; fileRef = BB37817F23968DF1006E31D5 /* SummaryVC.swift */; };
		BB378182239695DA006E31D5 /* SettingVC.swift in Sources */ = {isa = PBXBuildFile; fileRef = BB378181239695DA006E31D5 /* SettingVC.swift */; };
		BBC3A995238FA607005F9CBE /* LoadVC.swift in Sources */ = {isa = PBXBuildFile; fileRef = BBC3A994238FA607005F9CBE /* LoadVC.swift */; };
		BBC3A997238FA7C7005F9CBE /* LoadCell.swift in Sources */ = {isa = PBXBuildFile; fileRef = BBC3A996238FA7C7005F9CBE /* LoadCell.swift */; };
		BBD6DBB8237E29C400712BD8 /* ResultVC.swift in Sources */ = {isa = PBXBuildFile; fileRef = BBD6DBB7237E29C400712BD8 /* ResultVC.swift */; };
		BBFC0268237AEC2E00B5FC0B /* AppDelegate.swift in Sources */ = {isa = PBXBuildFile; fileRef = BBFC0267237AEC2E00B5FC0B /* AppDelegate.swift */; };
		BBFC026A237AEC2E00B5FC0B /* SceneDelegate.swift in Sources */ = {isa = PBXBuildFile; fileRef = BBFC0269237AEC2E00B5FC0B /* SceneDelegate.swift */; };
		BBFC026C237AEC2E00B5FC0B /* ViewController.swift in Sources */ = {isa = PBXBuildFile; fileRef = BBFC026B237AEC2E00B5FC0B /* ViewController.swift */; };
		BBFC026F237AEC2E00B5FC0B /* Main.storyboard in Resources */ = {isa = PBXBuildFile; fileRef = BBFC026D237AEC2E00B5FC0B /* Main.storyboard */; };
		BBFC0271237AEC3000B5FC0B /* Assets.xcassets in Resources */ = {isa = PBXBuildFile; fileRef = BBFC0270237AEC3000B5FC0B /* Assets.xcassets */; };
		BBFC0274237AEC3000B5FC0B /* LaunchScreen.storyboard in Resources */ = {isa = PBXBuildFile; fileRef = BBFC0272237AEC3000B5FC0B /* LaunchScreen.storyboard */; };
		BBFC027F237AEC3000B5FC0B /* CameraTestTests.swift in Sources */ = {isa = PBXBuildFile; fileRef = BBFC027E237AEC3000B5FC0B /* CameraTestTests.swift */; };
		BBFC028A237AEC3000B5FC0B /* CameraTestUITests.swift in Sources */ = {isa = PBXBuildFile; fileRef = BBFC0289237AEC3000B5FC0B /* CameraTestUITests.swift */; };
/* End PBXBuildFile section */

/* Begin PBXContainerItemProxy section */
		BBFC027B237AEC3000B5FC0B /* PBXContainerItemProxy */ = {
			isa = PBXContainerItemProxy;
			containerPortal = BBFC025C237AEC2E00B5FC0B /* Project object */;
			proxyType = 1;
			remoteGlobalIDString = BBFC0263237AEC2E00B5FC0B;
			remoteInfo = CameraTest;
		};
		BBFC0286237AEC3000B5FC0B /* PBXContainerItemProxy */ = {
			isa = PBXContainerItemProxy;
			containerPortal = BBFC025C237AEC2E00B5FC0B /* Project object */;
			proxyType = 1;
			remoteGlobalIDString = BBFC0263237AEC2E00B5FC0B;
			remoteInfo = CameraTest;
		};
/* End PBXContainerItemProxy section */

/* Begin PBXFileReference section */
		BB0068B82390E66C003ED186 /* ScanVC.swift */ = {isa = PBXFileReference; lastKnownFileType = sourcecode.swift; path = ScanVC.swift; sourceTree = "<group>"; };
		BB37817F23968DF1006E31D5 /* SummaryVC.swift */ = {isa = PBXFileReference; lastKnownFileType = sourcecode.swift; path = SummaryVC.swift; sourceTree = "<group>"; };
		BB378181239695DA006E31D5 /* SettingVC.swift */ = {isa = PBXFileReference; lastKnownFileType = sourcecode.swift; path = SettingVC.swift; sourceTree = "<group>"; };
		BBC3A994238FA607005F9CBE /* LoadVC.swift */ = {isa = PBXFileReference; lastKnownFileType = sourcecode.swift; path = LoadVC.swift; sourceTree = "<group>"; };
		BBC3A996238FA7C7005F9CBE /* LoadCell.swift */ = {isa = PBXFileReference; lastKnownFileType = sourcecode.swift; path = LoadCell.swift; sourceTree = "<group>"; };
		BBD6DBB7237E29C400712BD8 /* ResultVC.swift */ = {isa = PBXFileReference; lastKnownFileType = sourcecode.swift; path = ResultVC.swift; sourceTree = "<group>"; };
		BBFC0264237AEC2E00B5FC0B /* CameraTest.app */ = {isa = PBXFileReference; explicitFileType = wrapper.application; includeInIndex = 0; path = CameraTest.app; sourceTree = BUILT_PRODUCTS_DIR; };
		BBFC0267237AEC2E00B5FC0B /* AppDelegate.swift */ = {isa = PBXFileReference; lastKnownFileType = sourcecode.swift; path = AppDelegate.swift; sourceTree = "<group>"; };
		BBFC0269237AEC2E00B5FC0B /* SceneDelegate.swift */ = {isa = PBXFileReference; lastKnownFileType = sourcecode.swift; path = SceneDelegate.swift; sourceTree = "<group>"; };
		BBFC026B237AEC2E00B5FC0B /* ViewController.swift */ = {isa = PBXFileReference; lastKnownFileType = sourcecode.swift; path = ViewController.swift; sourceTree = "<group>"; };
		BBFC026E237AEC2E00B5FC0B /* Base */ = {isa = PBXFileReference; lastKnownFileType = file.storyboard; name = Base; path = Base.lproj/Main.storyboard; sourceTree = "<group>"; };
		BBFC0270237AEC3000B5FC0B /* Assets.xcassets */ = {isa = PBXFileReference; lastKnownFileType = folder.assetcatalog; path = Assets.xcassets; sourceTree = "<group>"; };
		BBFC0273237AEC3000B5FC0B /* Base */ = {isa = PBXFileReference; lastKnownFileType = file.storyboard; name = Base; path = Base.lproj/LaunchScreen.storyboard; sourceTree = "<group>"; };
		BBFC0275237AEC3000B5FC0B /* Info.plist */ = {isa = PBXFileReference; lastKnownFileType = text.plist.xml; path = Info.plist; sourceTree = "<group>"; };
		BBFC027A237AEC3000B5FC0B /* CameraTestTests.xctest */ = {isa = PBXFileReference; explicitFileType = wrapper.cfbundle; includeInIndex = 0; path = CameraTestTests.xctest; sourceTree = BUILT_PRODUCTS_DIR; };
		BBFC027E237AEC3000B5FC0B /* CameraTestTests.swift */ = {isa = PBXFileReference; lastKnownFileType = sourcecode.swift; path = CameraTestTests.swift; sourceTree = "<group>"; };
		BBFC0280237AEC3000B5FC0B /* Info.plist */ = {isa = PBXFileReference; lastKnownFileType = text.plist.xml; path = Info.plist; sourceTree = "<group>"; };
		BBFC0285237AEC3000B5FC0B /* CameraTestUITests.xctest */ = {isa = PBXFileReference; explicitFileType = wrapper.cfbundle; includeInIndex = 0; path = CameraTestUITests.xctest; sourceTree = BUILT_PRODUCTS_DIR; };
		BBFC0289237AEC3000B5FC0B /* CameraTestUITests.swift */ = {isa = PBXFileReference; lastKnownFileType = sourcecode.swift; path = CameraTestUITests.swift; sourceTree = "<group>"; };
		BBFC028B237AEC3000B5FC0B /* Info.plist */ = {isa = PBXFileReference; lastKnownFileType = text.plist.xml; path = Info.plist; sourceTree = "<group>"; };
/* End PBXFileReference section */

/* Begin PBXFrameworksBuildPhase section */
		BBFC0261237AEC2E00B5FC0B /* Frameworks */ = {
			isa = PBXFrameworksBuildPhase;
			buildActionMask = 2147483647;
			files = (
			);
			runOnlyForDeploymentPostprocessing = 0;
		};
		BBFC0277237AEC3000B5FC0B /* Frameworks */ = {
			isa = PBXFrameworksBuildPhase;
			buildActionMask = 2147483647;
			files = (
			);
			runOnlyForDeploymentPostprocessing = 0;
		};
		BBFC0282237AEC3000B5FC0B /* Frameworks */ = {
			isa = PBXFrameworksBuildPhase;
			buildActionMask = 2147483647;
			files = (
			);
			runOnlyForDeploymentPostprocessing = 0;
		};
/* End PBXFrameworksBuildPhase section */

/* Begin PBXGroup section */
		BBFC025B237AEC2E00B5FC0B = {
			isa = PBXGroup;
			children = (
				BBFC0266237AEC2E00B5FC0B /* CameraTest */,
				BBFC027D237AEC3000B5FC0B /* CameraTestTests */,
				BBFC0288237AEC3000B5FC0B /* CameraTestUITests */,
				BBFC0265237AEC2E00B5FC0B /* Products */,
			);
			sourceTree = "<group>";
		};
		BBFC0265237AEC2E00B5FC0B /* Products */ = {
			isa = PBXGroup;
			children = (
				BBFC0264237AEC2E00B5FC0B /* CameraTest.app */,
				BBFC027A237AEC3000B5FC0B /* CameraTestTests.xctest */,
				BBFC0285237AEC3000B5FC0B /* CameraTestUITests.xctest */,
			);
			name = Products;
			sourceTree = "<group>";
		};
		BBFC0266237AEC2E00B5FC0B /* CameraTest */ = {
			isa = PBXGroup;
			children = (
				BBFC0267237AEC2E00B5FC0B /* AppDelegate.swift */,
				BBFC0269237AEC2E00B5FC0B /* SceneDelegate.swift */,
				BBFC026B237AEC2E00B5FC0B /* ViewController.swift */,
				BBFC026D237AEC2E00B5FC0B /* Main.storyboard */,
				BBFC0270237AEC3000B5FC0B /* Assets.xcassets */,
				BBFC0272237AEC3000B5FC0B /* LaunchScreen.storyboard */,
				BBFC0275237AEC3000B5FC0B /* Info.plist */,
				BBD6DBB7237E29C400712BD8 /* ResultVC.swift */,
				BBC3A994238FA607005F9CBE /* LoadVC.swift */,
				BBC3A996238FA7C7005F9CBE /* LoadCell.swift */,
				BB0068B82390E66C003ED186 /* ScanVC.swift */,
				BB37817F23968DF1006E31D5 /* SummaryVC.swift */,
				BB378181239695DA006E31D5 /* SettingVC.swift */,
			);
			path = CameraTest;
			sourceTree = "<group>";
		};
		BBFC027D237AEC3000B5FC0B /* CameraTestTests */ = {
			isa = PBXGroup;
			children = (
				BBFC027E237AEC3000B5FC0B /* CameraTestTests.swift */,
				BBFC0280237AEC3000B5FC0B /* Info.plist */,
			);
			path = CameraTestTests;
			sourceTree = "<group>";
		};
		BBFC0288237AEC3000B5FC0B /* CameraTestUITests */ = {
			isa = PBXGroup;
			children = (
				BBFC0289237AEC3000B5FC0B /* CameraTestUITests.swift */,
				BBFC028B237AEC3000B5FC0B /* Info.plist */,
			);
			path = CameraTestUITests;
			sourceTree = "<group>";
		};
/* End PBXGroup section */

/* Begin PBXNativeTarget section */
		BBFC0263237AEC2E00B5FC0B /* CameraTest */ = {
			isa = PBXNativeTarget;
			buildConfigurationList = BBFC028E237AEC3000B5FC0B /* Build configuration list for PBXNativeTarget "CameraTest" */;
			buildPhases = (
				BBFC0260237AEC2E00B5FC0B /* Sources */,
				BBFC0261237AEC2E00B5FC0B /* Frameworks */,
				BBFC0262237AEC2E00B5FC0B /* Resources */,
			);
			buildRules = (
			);
			dependencies = (
			);
			name = CameraTest;
			productName = CameraTest;
			productReference = BBFC0264237AEC2E00B5FC0B /* CameraTest.app */;
			productType = "com.apple.product-type.application";
		};
		BBFC0279237AEC3000B5FC0B /* CameraTestTests */ = {
			isa = PBXNativeTarget;
			buildConfigurationList = BBFC0291237AEC3000B5FC0B /* Build configuration list for PBXNativeTarget "CameraTestTests" */;
			buildPhases = (
				BBFC0276237AEC3000B5FC0B /* Sources */,
				BBFC0277237AEC3000B5FC0B /* Frameworks */,
				BBFC0278237AEC3000B5FC0B /* Resources */,
			);
			buildRules = (
			);
			dependencies = (
				BBFC027C237AEC3000B5FC0B /* PBXTargetDependency */,
			);
			name = CameraTestTests;
			productName = CameraTestTests;
			productReference = BBFC027A237AEC3000B5FC0B /* CameraTestTests.xctest */;
			productType = "com.apple.product-type.bundle.unit-test";
		};
		BBFC0284237AEC3000B5FC0B /* CameraTestUITests */ = {
			isa = PBXNativeTarget;
			buildConfigurationList = BBFC0294237AEC3000B5FC0B /* Build configuration list for PBXNativeTarget "CameraTestUITests" */;
			buildPhases = (
				BBFC0281237AEC3000B5FC0B /* Sources */,
				BBFC0282237AEC3000B5FC0B /* Frameworks */,
				BBFC0283237AEC3000B5FC0B /* Resources */,
			);
			buildRules = (
			);
			dependencies = (
				BBFC0287237AEC3000B5FC0B /* PBXTargetDependency */,
			);
			name = CameraTestUITests;
			productName = CameraTestUITests;
			productReference = BBFC0285237AEC3000B5FC0B /* CameraTestUITests.xctest */;
			productType = "com.apple.product-type.bundle.ui-testing";
		};
/* End PBXNativeTarget section */

/* Begin PBXProject section */
		BBFC025C237AEC2E00B5FC0B /* Project object */ = {
			isa = PBXProject;
			attributes = {
				LastSwiftUpdateCheck = 1120;
				LastUpgradeCheck = 1120;
				ORGANIZATIONNAME = "RUKA SPROUT";
				TargetAttributes = {
					BBFC0263237AEC2E00B5FC0B = {
						CreatedOnToolsVersion = 11.2;
					};
					BBFC0279237AEC3000B5FC0B = {
						CreatedOnToolsVersion = 11.2;
						TestTargetID = BBFC0263237AEC2E00B5FC0B;
					};
					BBFC0284237AEC3000B5FC0B = {
						CreatedOnToolsVersion = 11.2;
						TestTargetID = BBFC0263237AEC2E00B5FC0B;
					};
				};
			};
			buildConfigurationList = BBFC025F237AEC2E00B5FC0B /* Build configuration list for PBXProject "CameraTest" */;
			compatibilityVersion = "Xcode 9.3";
			developmentRegion = en;
			hasScannedForEncodings = 0;
			knownRegions = (
				en,
				Base,
			);
			mainGroup = BBFC025B237AEC2E00B5FC0B;
			productRefGroup = BBFC0265237AEC2E00B5FC0B /* Products */;
			projectDirPath = "";
			projectRoot = "";
			targets = (
				BBFC0263237AEC2E00B5FC0B /* CameraTest */,
				BBFC0279237AEC3000B5FC0B /* CameraTestTests */,
				BBFC0284237AEC3000B5FC0B /* CameraTestUITests */,
			);
		};
/* End PBXProject section */

/* Begin PBXResourcesBuildPhase section */
		BBFC0262237AEC2E00B5FC0B /* Resources */ = {
			isa = PBXResourcesBuildPhase;
			buildActionMask = 2147483647;
			files = (
				BBFC0274237AEC3000B5FC0B /* LaunchScreen.storyboard in Resources */,
				BBFC0271237AEC3000B5FC0B /* Assets.xcassets in Resources */,
				BBFC026F237AEC2E00B5FC0B /* Main.storyboard in Resources */,
			);
			runOnlyForDeploymentPostprocessing = 0;
		};
		BBFC0278237AEC3000B5FC0B /* Resources */ = {
			isa = PBXResourcesBuildPhase;
			buildActionMask = 2147483647;
			files = (
			);
			runOnlyForDeploymentPostprocessing = 0;
		};
		BBFC0283237AEC3000B5FC0B /* Resources */ = {
			isa = PBXResourcesBuildPhase;
			buildActionMask = 2147483647;
			files = (
			);
			runOnlyForDeploymentPostprocessing = 0;
		};
/* End PBXResourcesBuildPhase section */

/* Begin PBXSourcesBuildPhase section */
		BBFC0260237AEC2E00B5FC0B /* Sources */ = {
			isa = PBXSourcesBuildPhase;
			buildActionMask = 2147483647;
			files = (
				BBFC026C237AEC2E00B5FC0B /* ViewController.swift in Sources */,
				BB378182239695DA006E31D5 /* SettingVC.swift in Sources */,
				BBC3A997238FA7C7005F9CBE /* LoadCell.swift in Sources */,
				BBD6DBB8237E29C400712BD8 /* ResultVC.swift in Sources */,
				BBC3A995238FA607005F9CBE /* LoadVC.swift in Sources */,
				BB0068B92390E66C003ED186 /* ScanVC.swift in Sources */,
				BBFC0268237AEC2E00B5FC0B /* AppDelegate.swift in Sources */,
				BB37818023968DF1006E31D5 /* SummaryVC.swift in Sources */,
				BBFC026A237AEC2E00B5FC0B /* SceneDelegate.swift in Sources */,
			);
			runOnlyForDeploymentPostprocessing = 0;
		};
		BBFC0276237AEC3000B5FC0B /* Sources */ = {
			isa = PBXSourcesBuildPhase;
			buildActionMask = 2147483647;
			files = (
				BBFC027F237AEC3000B5FC0B /* CameraTestTests.swift in Sources */,
			);
			runOnlyForDeploymentPostprocessing = 0;
		};
		BBFC0281237AEC3000B5FC0B /* Sources */ = {
			isa = PBXSourcesBuildPhase;
			buildActionMask = 2147483647;
			files = (
				BBFC028A237AEC3000B5FC0B /* CameraTestUITests.swift in Sources */,
			);
			runOnlyForDeploymentPostprocessing = 0;
		};
/* End PBXSourcesBuildPhase section */

/* Begin PBXTargetDependency section */
		BBFC027C237AEC3000B5FC0B /* PBXTargetDependency */ = {
			isa = PBXTargetDependency;
			target = BBFC0263237AEC2E00B5FC0B /* CameraTest */;
			targetProxy = BBFC027B237AEC3000B5FC0B /* PBXContainerItemProxy */;
		};
		BBFC0287237AEC3000B5FC0B /* PBXTargetDependency */ = {
			isa = PBXTargetDependency;
			target = BBFC0263237AEC2E00B5FC0B /* CameraTest */;
			targetProxy = BBFC0286237AEC3000B5FC0B /* PBXContainerItemProxy */;
		};
/* End PBXTargetDependency section */

/* Begin PBXVariantGroup section */
		BBFC026D237AEC2E00B5FC0B /* Main.storyboard */ = {
			isa = PBXVariantGroup;
			children = (
				BBFC026E237AEC2E00B5FC0B /* Base */,
			);
			name = Main.storyboard;
			sourceTree = "<group>";
		};
		BBFC0272237AEC3000B5FC0B /* LaunchScreen.storyboard */ = {
			isa = PBXVariantGroup;
			children = (
				BBFC0273237AEC3000B5FC0B /* Base */,
			);
			name = LaunchScreen.storyboard;
			sourceTree = "<group>";
		};
/* End PBXVariantGroup section */

/* Begin XCBuildConfiguration section */
		BBFC028C237AEC3000B5FC0B /* Debug */ = {
			isa = XCBuildConfiguration;
			buildSettings = {
				ALWAYS_SEARCH_USER_PATHS = NO;
				CLANG_ANALYZER_NONNULL = YES;
				CLANG_ANALYZER_NUMBER_OBJECT_CONVERSION = YES_AGGRESSIVE;
				CLANG_CXX_LANGUAGE_STANDARD = "gnu++14";
				CLANG_CXX_LIBRARY = "libc++";
				CLANG_ENABLE_MODULES = YES;
				CLANG_ENABLE_OBJC_ARC = YES;
				CLANG_ENABLE_OBJC_WEAK = YES;
				CLANG_WARN_BLOCK_CAPTURE_AUTORELEASING = YES;
				CLANG_WARN_BOOL_CONVERSION = YES;
				CLANG_WARN_COMMA = YES;
				CLANG_WARN_CONSTANT_CONVERSION = YES;
				CLANG_WARN_DEPRECATED_OBJC_IMPLEMENTATIONS = YES;
				CLANG_WARN_DIRECT_OBJC_ISA_USAGE = YES_ERROR;
				CLANG_WARN_DOCUMENTATION_COMMENTS = YES;
				CLANG_WARN_EMPTY_BODY = YES;
				CLANG_WARN_ENUM_CONVERSION = YES;
				CLANG_WARN_INFINITE_RECURSION = YES;
				CLANG_WARN_INT_CONVERSION = YES;
				CLANG_WARN_NON_LITERAL_NULL_CONVERSION = YES;
				CLANG_WARN_OBJC_IMPLICIT_RETAIN_SELF = YES;
				CLANG_WARN_OBJC_LITERAL_CONVERSION = YES;
				CLANG_WARN_OBJC_ROOT_CLASS = YES_ERROR;
				CLANG_WARN_RANGE_LOOP_ANALYSIS = YES;
				CLANG_WARN_STRICT_PROTOTYPES = YES;
				CLANG_WARN_SUSPICIOUS_MOVE = YES;
				CLANG_WARN_UNGUARDED_AVAILABILITY = YES_AGGRESSIVE;
				CLANG_WARN_UNREACHABLE_CODE = YES;
				CLANG_WARN__DUPLICATE_METHOD_MATCH = YES;
				COPY_PHASE_STRIP = NO;
				DEBUG_INFORMATION_FORMAT = dwarf;
				ENABLE_STRICT_OBJC_MSGSEND = YES;
				ENABLE_TESTABILITY = YES;
				GCC_C_LANGUAGE_STANDARD = gnu11;
				GCC_DYNAMIC_NO_PIC = NO;
				GCC_NO_COMMON_BLOCKS = YES;
				GCC_OPTIMIZATION_LEVEL = 0;
				GCC_PREPROCESSOR_DEFINITIONS = (
					"DEBUG=1",
					"$(inherited)",
				);
				GCC_WARN_64_TO_32_BIT_CONVERSION = YES;
				GCC_WARN_ABOUT_RETURN_TYPE = YES_ERROR;
				GCC_WARN_UNDECLARED_SELECTOR = YES;
				GCC_WARN_UNINITIALIZED_AUTOS = YES_AGGRESSIVE;
				GCC_WARN_UNUSED_FUNCTION = YES;
				GCC_WARN_UNUSED_VARIABLE = YES;
				IPHONEOS_DEPLOYMENT_TARGET = 13.2;
				MTL_ENABLE_DEBUG_INFO = INCLUDE_SOURCE;
				MTL_FAST_MATH = YES;
				ONLY_ACTIVE_ARCH = YES;
				SDKROOT = iphoneos;
				SWIFT_ACTIVE_COMPILATION_CONDITIONS = DEBUG;
				SWIFT_OPTIMIZATION_LEVEL = "-Onone";
			};
			name = Debug;
		};
		BBFC028D237AEC3000B5FC0B /* Release */ = {
			isa = XCBuildConfiguration;
			buildSettings = {
				ALWAYS_SEARCH_USER_PATHS = NO;
				CLANG_ANALYZER_NONNULL = YES;
				CLANG_ANALYZER_NUMBER_OBJECT_CONVERSION = YES_AGGRESSIVE;
				CLANG_CXX_LANGUAGE_STANDARD = "gnu++14";
				CLANG_CXX_LIBRARY = "libc++";
				CLANG_ENABLE_MODULES = YES;
				CLANG_ENABLE_OBJC_ARC = YES;
				CLANG_ENABLE_OBJC_WEAK = YES;
				CLANG_WARN_BLOCK_CAPTURE_AUTORELEASING = YES;
				CLANG_WARN_BOOL_CONVERSION = YES;
				CLANG_WARN_COMMA = YES;
				CLANG_WARN_CONSTANT_CONVERSION = YES;
				CLANG_WARN_DEPRECATED_OBJC_IMPLEMENTATIONS = YES;
				CLANG_WARN_DIRECT_OBJC_ISA_USAGE = YES_ERROR;
				CLANG_WARN_DOCUMENTATION_COMMENTS = YES;
				CLANG_WARN_EMPTY_BODY = YES;
				CLANG_WARN_ENUM_CONVERSION = YES;
				CLANG_WARN_INFINITE_RECURSION = YES;
				CLANG_WARN_INT_CONVERSION = YES;
				CLANG_WARN_NON_LITERAL_NULL_CONVERSION = YES;
				CLANG_WARN_OBJC_IMPLICIT_RETAIN_SELF = YES;
				CLANG_WARN_OBJC_LITERAL_CONVERSION = YES;
				CLANG_WARN_OBJC_ROOT_CLASS = YES_ERROR;
				CLANG_WARN_RANGE_LOOP_ANALYSIS = YES;
				CLANG_WARN_STRICT_PROTOTYPES = YES;
				CLANG_WARN_SUSPICIOUS_MOVE = YES;
				CLANG_WARN_UNGUARDED_AVAILABILITY = YES_AGGRESSIVE;
				CLANG_WARN_UNREACHABLE_CODE = YES;
				CLANG_WARN__DUPLICATE_METHOD_MATCH = YES;
				COPY_PHASE_STRIP = NO;
				DEBUG_INFORMATION_FORMAT = "dwarf-with-dsym";
				ENABLE_NS_ASSERTIONS = NO;
				ENABLE_STRICT_OBJC_MSGSEND = YES;
				GCC_C_LANGUAGE_STANDARD = gnu11;
				GCC_NO_COMMON_BLOCKS = YES;
				GCC_WARN_64_TO_32_BIT_CONVERSION = YES;
				GCC_WARN_ABOUT_RETURN_TYPE = YES_ERROR;
				GCC_WARN_UNDECLARED_SELECTOR = YES;
				GCC_WARN_UNINITIALIZED_AUTOS = YES_AGGRESSIVE;
				GCC_WARN_UNUSED_FUNCTION = YES;
				GCC_WARN_UNUSED_VARIABLE = YES;
				IPHONEOS_DEPLOYMENT_TARGET = 13.2;
				MTL_ENABLE_DEBUG_INFO = NO;
				MTL_FAST_MATH = YES;
				SDKROOT = iphoneos;
				SWIFT_COMPILATION_MODE = wholemodule;
				SWIFT_OPTIMIZATION_LEVEL = "-O";
				VALIDATE_PRODUCT = YES;
			};
			name = Release;
		};
		BBFC028F237AEC3000B5FC0B /* Debug */ = {
			isa = XCBuildConfiguration;
			buildSettings = {
				ASSETCATALOG_COMPILER_APPICON_NAME = AppIcon;
				CODE_SIGN_STYLE = Automatic;
				DEVELOPMENT_TEAM = PZY2WL622F;
				INFOPLIST_FILE = CameraTest/Info.plist;
				LD_RUNPATH_SEARCH_PATHS = (
					"$(inherited)",
					"@executable_path/Frameworks",
				);
				PRODUCT_BUNDLE_IDENTIFIER = rukasp.CameraTest;
				PRODUCT_NAME = "$(TARGET_NAME)";
				SWIFT_VERSION = 5.0;
				TARGETED_DEVICE_FAMILY = "1,2";
			};
			name = Debug;
		};
		BBFC0290237AEC3000B5FC0B /* Release */ = {
			isa = XCBuildConfiguration;
			buildSettings = {
				ASSETCATALOG_COMPILER_APPICON_NAME = AppIcon;
				CODE_SIGN_STYLE = Automatic;
				DEVELOPMENT_TEAM = PZY2WL622F;
				INFOPLIST_FILE = CameraTest/Info.plist;
				LD_RUNPATH_SEARCH_PATHS = (
					"$(inherited)",
					"@executable_path/Frameworks",
				);
				PRODUCT_BUNDLE_IDENTIFIER = rukasp.CameraTest;
				PRODUCT_NAME = "$(TARGET_NAME)";
				SWIFT_VERSION = 5.0;
				TARGETED_DEVICE_FAMILY = "1,2";
			};
			name = Release;
		};
		BBFC0292237AEC3000B5FC0B /* Debug */ = {
			isa = XCBuildConfiguration;
			buildSettings = {
				ALWAYS_EMBED_SWIFT_STANDARD_LIBRARIES = YES;
				BUNDLE_LOADER = "$(TEST_HOST)";
				CODE_SIGN_STYLE = Automatic;
				DEVELOPMENT_TEAM = PZY2WL622F;
				INFOPLIST_FILE = CameraTestTests/Info.plist;
				IPHONEOS_DEPLOYMENT_TARGET = 13.2;
				LD_RUNPATH_SEARCH_PATHS = (
					"$(inherited)",
					"@executable_path/Frameworks",
					"@loader_path/Frameworks",
				);
				PRODUCT_BUNDLE_IDENTIFIER = rukasp.CameraTestTests;
				PRODUCT_NAME = "$(TARGET_NAME)";
				SWIFT_VERSION = 5.0;
				TARGETED_DEVICE_FAMILY = "1,2";
				TEST_HOST = "$(BUILT_PRODUCTS_DIR)/CameraTest.app/CameraTest";
			};
			name = Debug;
		};
		BBFC0293237AEC3000B5FC0B /* Release */ = {
			isa = XCBuildConfiguration;
			buildSettings = {
				ALWAYS_EMBED_SWIFT_STANDARD_LIBRARIES = YES;
				BUNDLE_LOADER = "$(TEST_HOST)";
				CODE_SIGN_STYLE = Automatic;
				DEVELOPMENT_TEAM = PZY2WL622F;
				INFOPLIST_FILE = CameraTestTests/Info.plist;
				IPHONEOS_DEPLOYMENT_TARGET = 13.2;
				LD_RUNPATH_SEARCH_PATHS = (
					"$(inherited)",
					"@executable_path/Frameworks",
					"@loader_path/Frameworks",
				);
				PRODUCT_BUNDLE_IDENTIFIER = rukasp.CameraTestTests;
				PRODUCT_NAME = "$(TARGET_NAME)";
				SWIFT_VERSION = 5.0;
				TARGETED_DEVICE_FAMILY = "1,2";
				TEST_HOST = "$(BUILT_PRODUCTS_DIR)/CameraTest.app/CameraTest";
			};
			name = Release;
		};
		BBFC0295237AEC3000B5FC0B /* Debug */ = {
			isa = XCBuildConfiguration;
			buildSettings = {
				ALWAYS_EMBED_SWIFT_STANDARD_LIBRARIES = YES;
				CODE_SIGN_STYLE = Automatic;
				DEVELOPMENT_TEAM = PZY2WL622F;
				INFOPLIST_FILE = CameraTestUITests/Info.plist;
				LD_RUNPATH_SEARCH_PATHS = (
					"$(inherited)",
					"@executable_path/Frameworks",
					"@loader_path/Frameworks",
				);
				PRODUCT_BUNDLE_IDENTIFIER = rukasp.CameraTestUITests;
				PRODUCT_NAME = "$(TARGET_NAME)";
				SWIFT_VERSION = 5.0;
				TARGETED_DEVICE_FAMILY = "1,2";
				TEST_TARGET_NAME = CameraTest;
			};
			name = Debug;
		};
		BBFC0296237AEC3000B5FC0B /* Release */ = {
			isa = XCBuildConfiguration;
			buildSettings = {
				ALWAYS_EMBED_SWIFT_STANDARD_LIBRARIES = YES;
				CODE_SIGN_STYLE = Automatic;
				DEVELOPMENT_TEAM = PZY2WL622F;
				INFOPLIST_FILE = CameraTestUITests/Info.plist;
				LD_RUNPATH_SEARCH_PATHS = (
					"$(inherited)",
					"@executable_path/Frameworks",
					"@loader_path/Frameworks",
				);
				PRODUCT_BUNDLE_IDENTIFIER = rukasp.CameraTestUITests;
				PRODUCT_NAME = "$(TARGET_NAME)";
				SWIFT_VERSION = 5.0;
				TARGETED_DEVICE_FAMILY = "1,2";
				TEST_TARGET_NAME = CameraTest;
			};
			name = Release;
		};
/* End XCBuildConfiguration section */

/* Begin XCConfigurationList section */
		BBFC025F237AEC2E00B5FC0B /* Build configuration list for PBXProject "CameraTest" */ = {
			isa = XCConfigurationList;
			buildConfigurations = (
				BBFC028C237AEC3000B5FC0B /* Debug */,
				BBFC028D237AEC3000B5FC0B /* Release */,
			);
			defaultConfigurationIsVisible = 0;
			defaultConfigurationName = Release;
		};
		BBFC028E237AEC3000B5FC0B /* Build configuration list for PBXNativeTarget "CameraTest" */ = {
			isa = XCConfigurationList;
			buildConfigurations = (
				BBFC028F237AEC3000B5FC0B /* Debug */,
				BBFC0290237AEC3000B5FC0B /* Release */,
			);
			defaultConfigurationIsVisible = 0;
			defaultConfigurationName = Release;
		};
		BBFC0291237AEC3000B5FC0B /* Build configuration list for PBXNativeTarget "CameraTestTests" */ = {
			isa = XCConfigurationList;
			buildConfigurations = (
				BBFC0292237AEC3000B5FC0B /* Debug */,
				BBFC0293237AEC3000B5FC0B /* Release */,
			);
			defaultConfigurationIsVisible = 0;
			defaultConfigurationName = Release;
		};
		BBFC0294237AEC3000B5FC0B /* Build configuration list for PBXNativeTarget "CameraTestUITests" */ = {
			isa = XCConfigurationList;
			buildConfigurations = (
				BBFC0295237AEC3000B5FC0B /* Debug */,
				BBFC0296237AEC3000B5FC0B /* Release */,
			);
			defaultConfigurationIsVisible = 0;
			defaultConfigurationName = Release;
		};
/* End XCConfigurationList section */
	};
	rootObject = BBFC025C237AEC2E00B5FC0B /* Project object */;
}
